{
  "nodes": {
    "nixpkgs": {
      "locked": {
        "lastModified": 1603709068,
        "narHash": "sha256-Tce2WVbQiBydZH/MfO11PlYFc68qwQm+Ag3XSyRcqiY=",
        "owner": "NixOS",
        "repo": "nixpkgs",
        "rev": "a3368f0eeab83581f1034c451138a9b722c8c3ce",
        "type": "github"
      },
      "original": {
        "id": "nixpkgs",
        "type": "indirect"
      }
    },
    "root": {
      "inputs": {
        "nixpkgs": "nixpkgs"
      }
    }
  },
  "root": "root",
  "version": 7
}
