{
  "nodes": {
    "nixpkgs": {
      "locked": {
        "lastModified": 1644234394,
        "narHash": "sha256-hgdcyLo2d8N2BmHuPMWhsXlorv1ZDkhBjq1gMYvFbdo=",
        "owner": "NixOS",
        "repo": "nixpkgs",
        "rev": "a102368ac4c3944978fecd9d7295a96d64586db5",
        "type": "github"
      },
      "original": {
        "narHash": "sha256-hgdcyLo2d8N2BmHuPMWhsXlorv1ZDkhBjq1gMYvFbdo=",
        "owner": "NixOS",
        "repo": "nixpkgs",
        "rev": "a102368ac4c3944978fecd9d7295a96d64586db5",
        "type": "github"
      }
    },
    "root": {
      "inputs": {
        "nixpkgs": "nixpkgs"
      }
    }
  },
  "root": "root",
  "version": 7
}
